
Microsoft Visual Studio Solution File, Format Version 12.00
# Visual Studio Version 17
VisualStudioVersion = 17.4.33122.133
MinimumVisualStudioVersion = 10.0.40219.1
Project("{FAE04EC0-301F-11D3-BF4B-00C04F79EFBC}") = "QLHT", "QLHT\QLHT.csproj", "{0F0A64AA-9A0F-40D6-B524-7E623E0789C4}"
EndProject
Global
	GlobalSection(SolutionConfigurationPlatforms) = preSolution
		Debug|Any CPU = Debug|Any CPU
		Release|Any CPU = Release|Any CPU
	EndGlobalSection
	GlobalSection(ProjectConfigurationPlatforms) = postSolution
		{0F0A64AA-9A0F-40D6-B524-7E623E0789C4}.Debug|Any CPU.ActiveCfg = Debug|Any CPU
		{0F0A64AA-9A0F-40D6-B524-7E623E0789C4}.Debug|Any CPU.Build.0 = Debug|Any CPU
		{0F0A64AA-9A0F-40D6-B524-7E623E0789C4}.Release|Any CPU.ActiveCfg = Release|Any CPU
		{0F0A64AA-9A0F-40D6-B524-7E623E0789C4}.Release|Any CPU.Build.0 = Release|Any CPU
	EndGlobalSection
	GlobalSection(SolutionProperties) = preSolution
		HideSolutionNode = FALSE
	EndGlobalSection
	GlobalSection(ExtensibilityGlobals) = postSolution
		SolutionGuid = {9EB6389A-4851-4BBD-A577-1A5C467EE8FD}
	EndGlobalSection
EndGlobal
